
Microsoft Visual Studio Solution File, Format Version 12.00
# Visual Studio Version 17
VisualStudioVersion = 17.7.34031.279
MinimumVisualStudioVersion = 10.0.40219.1
Project("{FAE04EC0-301F-11D3-BF4B-00C04F79EFBC}") = "C#_Core_Task", "C#_Core_Task\C#_Core_Task.csproj", "{191DC326-1D22-4D1B-BC41-273CB24C3158}"
EndProject
Global
	GlobalSection(SolutionConfigurationPlatforms) = preSolution
		Debug|Any CPU = Debug|Any CPU
		Release|Any CPU = Release|Any CPU
	EndGlobalSection
	GlobalSection(ProjectConfigurationPlatforms) = postSolution
		{191DC326-1D22-4D1B-BC41-273CB24C3158}.Debug|Any CPU.ActiveCfg = Debug|Any CPU
		{191DC326-1D22-4D1B-BC41-273CB24C3158}.Debug|Any CPU.Build.0 = Debug|Any CPU
		{191DC326-1D22-4D1B-BC41-273CB24C3158}.Release|Any CPU.ActiveCfg = Release|Any CPU
		{191DC326-1D22-4D1B-BC41-273CB24C3158}.Release|Any CPU.Build.0 = Release|Any CPU
	EndGlobalSection
	GlobalSection(SolutionProperties) = preSolution
		HideSolutionNode = FALSE
	EndGlobalSection
	GlobalSection(ExtensibilityGlobals) = postSolution
		SolutionGuid = {8E1D00C5-97D7-4803-B2BA-C1795BFCA8D2}
	EndGlobalSection
EndGlobal
